
Microsoft Visual Studio Solution File, Format Version 12.00
# Visual Studio Version 17
VisualStudioVersion = 17.4.33110.190
MinimumVisualStudioVersion = 10.0.40219.1
Project("{FAE04EC0-301F-11D3-BF4B-00C04F79EFBC}") = "ConversorCriptomonedas", "ConversorCriptomonedas.csproj", "{764CB44F-FBB2-43FC-8839-4B90D957A302}"
EndProject
Global
	GlobalSection(SolutionConfigurationPlatforms) = preSolution
		Debug|Any CPU = Debug|Any CPU
		Release|Any CPU = Release|Any CPU
	EndGlobalSection
	GlobalSection(ProjectConfigurationPlatforms) = postSolution
		{764CB44F-FBB2-43FC-8839-4B90D957A302}.Debug|Any CPU.ActiveCfg = Debug|Any CPU
		{764CB44F-FBB2-43FC-8839-4B90D957A302}.Debug|Any CPU.Build.0 = Debug|Any CPU
		{764CB44F-FBB2-43FC-8839-4B90D957A302}.Release|Any CPU.ActiveCfg = Release|Any CPU
		{764CB44F-FBB2-43FC-8839-4B90D957A302}.Release|Any CPU.Build.0 = Release|Any CPU
	EndGlobalSection
	GlobalSection(SolutionProperties) = preSolution
		HideSolutionNode = FALSE
	EndGlobalSection
	GlobalSection(ExtensibilityGlobals) = postSolution
		SolutionGuid = {335B36B6-E2A3-4AF1-A9DB-D2F4566A404A}
	EndGlobalSection
EndGlobal
